
Microsoft Visual Studio Solution File, Format Version 12.00
# Visual Studio 2012
Project("{FAE04EC0-301F-11D3-BF4B-00C04F79EFBC}") = "PayworksBindings", "PayworksBindings\PayworksBindings.csproj", "{2C165475-BC53-4658-BD09-5D8C0A198613}"
EndProject
Global
	GlobalSection(SolutionConfigurationPlatforms) = preSolution
		Debug|Any CPU = Debug|Any CPU
		Release|Any CPU = Release|Any CPU
	EndGlobalSection
	GlobalSection(ProjectConfigurationPlatforms) = postSolution
		{2C165475-BC53-4658-BD09-5D8C0A198613}.Debug|Any CPU.ActiveCfg = Debug|Any CPU
		{2C165475-BC53-4658-BD09-5D8C0A198613}.Debug|Any CPU.Build.0 = Debug|Any CPU
		{2C165475-BC53-4658-BD09-5D8C0A198613}.Release|Any CPU.ActiveCfg = Release|Any CPU
		{2C165475-BC53-4658-BD09-5D8C0A198613}.Release|Any CPU.Build.0 = Release|Any CPU
	EndGlobalSection
EndGlobal
